
Microsoft Visual Studio Solution File, Format Version 12.00
# Visual Studio Version 17
VisualStudioVersion = 17.12.35506.116
MinimumVisualStudioVersion = 10.0.40219.1
Project("{9A19103F-16F7-4668-BE54-9A1E7A4F7556}") = "AppNumeroDaSorte", "AppNumeroDaSorte\AppNumeroDaSorte.csproj", "{303D5AC4-6733-49C4-BA49-DA3E2A7AD3DE}"
EndProject
Project("{2150E333-8FDC-42A3-9474-1A3956D46DE8}") = "App 01", "App 01", "{A6C20EE3-23A2-4E88-AF2C-2BD78B7303AC}"
EndProject
Project("{2150E333-8FDC-42A3-9474-1A3956D46DE8}") = "App 02", "App 02", "{E0B65C10-25BE-4627-90C8-10D4AEC7CB24}"
EndProject
Project("{FAE04EC0-301F-11D3-BF4B-00C04F79EFBC}") = "AppContentPage", "AppContentPage\AppContentPage.csproj", "{E6B2BEB2-A4C3-4C08-8BE0-BDF0D6F6AAF5}"
EndProject
Project("{9A19103F-16F7-4668-BE54-9A1E7A4F7556}") = "AppNavigationPage", "AppNavigationPage\AppNavigationPage.csproj", "{A29D584B-B64F-49B1-96EC-41727D211482}"
EndProject
Project("{9A19103F-16F7-4668-BE54-9A1E7A4F7556}") = "AppFlyoutPage", "AppFlyoutPage\AppFlyoutPage.csproj", "{7C045995-7B5C-4A2C-A604-BE974ECC12F1}"
EndProject
Project("{FAE04EC0-301F-11D3-BF4B-00C04F79EFBC}") = "AppTabbedPage", "AppTabbedPage\AppTabbedPage.csproj", "{C991B2C2-5D7E-428D-9A8D-5E18A91BB15E}"
EndProject
Project("{2150E333-8FDC-42A3-9474-1A3956D46DE8}") = "App 03", "App 03", "{B854E1A7-6AF1-4B8D-BB55-0BEC7B27FA16}"
EndProject
Project("{FAE04EC0-301F-11D3-BF4B-00C04F79EFBC}") = "AppMAUIGallery", "AppMAUIGallery\AppMAUIGallery.csproj", "{76318148-B5C2-4045-BB7C-C7F10F302439}"
EndProject
Project("{2150E333-8FDC-42A3-9474-1A3956D46DE8}") = "App 04", "App 04", "{4D556D2F-4FC4-4E97-8979-23E581A05FD8}"
EndProject
Project("{FAE04EC0-301F-11D3-BF4B-00C04F79EFBC}") = "AppJogoForca", "AppJogoForca\AppJogoForca.csproj", "{CCB61BA5-DBB5-4C08-A154-E4CC3411CEB9}"
EndProject
Project("{2150E333-8FDC-42A3-9474-1A3956D46DE8}") = "App 05", "App 05", "{52E73995-A4EC-4BAC-9E89-8A3659CF9513}"
EndProject
Project("{FAE04EC0-301F-11D3-BF4B-00C04F79EFBC}") = "AppTask", "AppTask\AppTask.csproj", "{34CE6237-BC1B-40EB-9884-4E21F29E0633}"
EndProject
Project("{FAE04EC0-301F-11D3-BF4B-00C04F79EFBC}") = "AppTask.Models", "AppTask.Models\AppTask.Models.csproj", "{22DD24CA-C0A0-4947-9158-3C674D9C2600}"
EndProject
Project("{FAE04EC0-301F-11D3-BF4B-00C04F79EFBC}") = "AppTask.Database", "AppTask.Database\AppTask.Database.csproj", "{591CF0FB-CF36-4B28-BC72-6B1088D7ADF1}"
EndProject
Project("{FAE04EC0-301F-11D3-BF4B-00C04F79EFBC}") = "AppTask.Database.Migration.Runtime", "AppTask.Database.Migration.Runtime\AppTask.Database.Migration.Runtime.csproj", "{11B27E03-8CFF-45C8-91CA-B33D7DF7A0F2}"
EndProject
Project("{2150E333-8FDC-42A3-9474-1A3956D46DE8}") = "Tool", "Tool", "{DA6B2086-1EC3-4DF7-A1C7-08AAF7470075}"
EndProject
Project("{2150E333-8FDC-42A3-9474-1A3956D46DE8}") = "App 06", "App 06", "{02EA681E-C7D8-13C7-8484-4AC65E1B71E8}"
EndProject
Project("{FAE04EC0-301F-11D3-BF4B-00C04F79EFBC}") = "AppMVVM", "AppMVVM\AppMVVM.csproj", "{0D9A62B3-24F7-4809-8439-CA691FB24EDE}"
EndProject
Project("{FAE04EC0-301F-11D3-BF4B-00C04F79EFBC}") = "AppMVVMCommunityToolkit", "AppMVVMCommunityToolkit\AppMVVMCommunityToolkit.csproj", "{61A996F8-8B55-4A8A-9D59-12AB1A9E3217}"
EndProject
Global
	GlobalSection(SolutionConfigurationPlatforms) = preSolution
		Debug|Any CPU = Debug|Any CPU
		Release|Any CPU = Release|Any CPU
	EndGlobalSection
	GlobalSection(ProjectConfigurationPlatforms) = postSolution
		{303D5AC4-6733-49C4-BA49-DA3E2A7AD3DE}.Debug|Any CPU.ActiveCfg = Debug|Any CPU
		{303D5AC4-6733-49C4-BA49-DA3E2A7AD3DE}.Debug|Any CPU.Build.0 = Debug|Any CPU
		{303D5AC4-6733-49C4-BA49-DA3E2A7AD3DE}.Debug|Any CPU.Deploy.0 = Debug|Any CPU
		{303D5AC4-6733-49C4-BA49-DA3E2A7AD3DE}.Release|Any CPU.ActiveCfg = Release|Any CPU
		{303D5AC4-6733-49C4-BA49-DA3E2A7AD3DE}.Release|Any CPU.Build.0 = Release|Any CPU
		{303D5AC4-6733-49C4-BA49-DA3E2A7AD3DE}.Release|Any CPU.Deploy.0 = Release|Any CPU
		{E6B2BEB2-A4C3-4C08-8BE0-BDF0D6F6AAF5}.Debug|Any CPU.ActiveCfg = Debug|Any CPU
		{E6B2BEB2-A4C3-4C08-8BE0-BDF0D6F6AAF5}.Debug|Any CPU.Build.0 = Debug|Any CPU
		{E6B2BEB2-A4C3-4C08-8BE0-BDF0D6F6AAF5}.Debug|Any CPU.Deploy.0 = Debug|Any CPU
		{E6B2BEB2-A4C3-4C08-8BE0-BDF0D6F6AAF5}.Release|Any CPU.ActiveCfg = Release|Any CPU
		{E6B2BEB2-A4C3-4C08-8BE0-BDF0D6F6AAF5}.Release|Any CPU.Build.0 = Release|Any CPU
		{E6B2BEB2-A4C3-4C08-8BE0-BDF0D6F6AAF5}.Release|Any CPU.Deploy.0 = Release|Any CPU
		{A29D584B-B64F-49B1-96EC-41727D211482}.Debug|Any CPU.ActiveCfg = Debug|Any CPU
		{A29D584B-B64F-49B1-96EC-41727D211482}.Debug|Any CPU.Build.0 = Debug|Any CPU
		{A29D584B-B64F-49B1-96EC-41727D211482}.Debug|Any CPU.Deploy.0 = Debug|Any CPU
		{A29D584B-B64F-49B1-96EC-41727D211482}.Release|Any CPU.ActiveCfg = Release|Any CPU
		{A29D584B-B64F-49B1-96EC-41727D211482}.Release|Any CPU.Build.0 = Release|Any CPU
		{A29D584B-B64F-49B1-96EC-41727D211482}.Release|Any CPU.Deploy.0 = Release|Any CPU
		{7C045995-7B5C-4A2C-A604-BE974ECC12F1}.Debug|Any CPU.ActiveCfg = Debug|Any CPU
		{7C045995-7B5C-4A2C-A604-BE974ECC12F1}.Debug|Any CPU.Build.0 = Debug|Any CPU
		{7C045995-7B5C-4A2C-A604-BE974ECC12F1}.Debug|Any CPU.Deploy.0 = Debug|Any CPU
		{7C045995-7B5C-4A2C-A604-BE974ECC12F1}.Release|Any CPU.ActiveCfg = Release|Any CPU
		{7C045995-7B5C-4A2C-A604-BE974ECC12F1}.Release|Any CPU.Build.0 = Release|Any CPU
		{7C045995-7B5C-4A2C-A604-BE974ECC12F1}.Release|Any CPU.Deploy.0 = Release|Any CPU
		{C991B2C2-5D7E-428D-9A8D-5E18A91BB15E}.Debug|Any CPU.ActiveCfg = Debug|Any CPU
		{C991B2C2-5D7E-428D-9A8D-5E18A91BB15E}.Debug|Any CPU.Build.0 = Debug|Any CPU
		{C991B2C2-5D7E-428D-9A8D-5E18A91BB15E}.Debug|Any CPU.Deploy.0 = Debug|Any CPU
		{C991B2C2-5D7E-428D-9A8D-5E18A91BB15E}.Release|Any CPU.ActiveCfg = Release|Any CPU
		{C991B2C2-5D7E-428D-9A8D-5E18A91BB15E}.Release|Any CPU.Build.0 = Release|Any CPU
		{C991B2C2-5D7E-428D-9A8D-5E18A91BB15E}.Release|Any CPU.Deploy.0 = Release|Any CPU
		{76318148-B5C2-4045-BB7C-C7F10F302439}.Debug|Any CPU.ActiveCfg = Debug|Any CPU
		{76318148-B5C2-4045-BB7C-C7F10F302439}.Debug|Any CPU.Build.0 = Debug|Any CPU
		{76318148-B5C2-4045-BB7C-C7F10F302439}.Debug|Any CPU.Deploy.0 = Debug|Any CPU
		{76318148-B5C2-4045-BB7C-C7F10F302439}.Release|Any CPU.ActiveCfg = Release|Any CPU
		{76318148-B5C2-4045-BB7C-C7F10F302439}.Release|Any CPU.Build.0 = Release|Any CPU
		{76318148-B5C2-4045-BB7C-C7F10F302439}.Release|Any CPU.Deploy.0 = Release|Any CPU
		{CCB61BA5-DBB5-4C08-A154-E4CC3411CEB9}.Debug|Any CPU.ActiveCfg = Debug|Any CPU
		{CCB61BA5-DBB5-4C08-A154-E4CC3411CEB9}.Debug|Any CPU.Build.0 = Debug|Any CPU
		{CCB61BA5-DBB5-4C08-A154-E4CC3411CEB9}.Debug|Any CPU.Deploy.0 = Debug|Any CPU
		{CCB61BA5-DBB5-4C08-A154-E4CC3411CEB9}.Release|Any CPU.ActiveCfg = Release|Any CPU
		{CCB61BA5-DBB5-4C08-A154-E4CC3411CEB9}.Release|Any CPU.Build.0 = Release|Any CPU
		{CCB61BA5-DBB5-4C08-A154-E4CC3411CEB9}.Release|Any CPU.Deploy.0 = Release|Any CPU
		{34CE6237-BC1B-40EB-9884-4E21F29E0633}.Debug|Any CPU.ActiveCfg = Debug|Any CPU
		{34CE6237-BC1B-40EB-9884-4E21F29E0633}.Debug|Any CPU.Build.0 = Debug|Any CPU
		{34CE6237-BC1B-40EB-9884-4E21F29E0633}.Debug|Any CPU.Deploy.0 = Debug|Any CPU
		{34CE6237-BC1B-40EB-9884-4E21F29E0633}.Release|Any CPU.ActiveCfg = Release|Any CPU
		{34CE6237-BC1B-40EB-9884-4E21F29E0633}.Release|Any CPU.Build.0 = Release|Any CPU
		{34CE6237-BC1B-40EB-9884-4E21F29E0633}.Release|Any CPU.Deploy.0 = Release|Any CPU
		{22DD24CA-C0A0-4947-9158-3C674D9C2600}.Debug|Any CPU.ActiveCfg = Debug|Any CPU
		{22DD24CA-C0A0-4947-9158-3C674D9C2600}.Debug|Any CPU.Build.0 = Debug|Any CPU
		{22DD24CA-C0A0-4947-9158-3C674D9C2600}.Release|Any CPU.ActiveCfg = Release|Any CPU
		{22DD24CA-C0A0-4947-9158-3C674D9C2600}.Release|Any CPU.Build.0 = Release|Any CPU
		{591CF0FB-CF36-4B28-BC72-6B1088D7ADF1}.Debug|Any CPU.ActiveCfg = Debug|Any CPU
		{591CF0FB-CF36-4B28-BC72-6B1088D7ADF1}.Debug|Any CPU.Build.0 = Debug|Any CPU
		{591CF0FB-CF36-4B28-BC72-6B1088D7ADF1}.Release|Any CPU.ActiveCfg = Release|Any CPU
		{591CF0FB-CF36-4B28-BC72-6B1088D7ADF1}.Release|Any CPU.Build.0 = Release|Any CPU
		{11B27E03-8CFF-45C8-91CA-B33D7DF7A0F2}.Debug|Any CPU.ActiveCfg = Debug|Any CPU
		{11B27E03-8CFF-45C8-91CA-B33D7DF7A0F2}.Debug|Any CPU.Build.0 = Debug|Any CPU
		{11B27E03-8CFF-45C8-91CA-B33D7DF7A0F2}.Release|Any CPU.ActiveCfg = Release|Any CPU
		{11B27E03-8CFF-45C8-91CA-B33D7DF7A0F2}.Release|Any CPU.Build.0 = Release|Any CPU
		{0D9A62B3-24F7-4809-8439-CA691FB24EDE}.Debug|Any CPU.ActiveCfg = Debug|Any CPU
		{0D9A62B3-24F7-4809-8439-CA691FB24EDE}.Debug|Any CPU.Build.0 = Debug|Any CPU
		{0D9A62B3-24F7-4809-8439-CA691FB24EDE}.Debug|Any CPU.Deploy.0 = Debug|Any CPU
		{0D9A62B3-24F7-4809-8439-CA691FB24EDE}.Release|Any CPU.ActiveCfg = Release|Any CPU
		{0D9A62B3-24F7-4809-8439-CA691FB24EDE}.Release|Any CPU.Build.0 = Release|Any CPU
		{0D9A62B3-24F7-4809-8439-CA691FB24EDE}.Release|Any CPU.Deploy.0 = Release|Any CPU
		{61A996F8-8B55-4A8A-9D59-12AB1A9E3217}.Debug|Any CPU.ActiveCfg = Debug|Any CPU
		{61A996F8-8B55-4A8A-9D59-12AB1A9E3217}.Debug|Any CPU.Build.0 = Debug|Any CPU
		{61A996F8-8B55-4A8A-9D59-12AB1A9E3217}.Debug|Any CPU.Deploy.0 = Debug|Any CPU
		{61A996F8-8B55-4A8A-9D59-12AB1A9E3217}.Release|Any CPU.ActiveCfg = Release|Any CPU
		{61A996F8-8B55-4A8A-9D59-12AB1A9E3217}.Release|Any CPU.Build.0 = Release|Any CPU
		{61A996F8-8B55-4A8A-9D59-12AB1A9E3217}.Release|Any CPU.Deploy.0 = Release|Any CPU
	EndGlobalSection
	GlobalSection(SolutionProperties) = preSolution
		HideSolutionNode = FALSE
	EndGlobalSection
	GlobalSection(NestedProjects) = preSolution
		{303D5AC4-6733-49C4-BA49-DA3E2A7AD3DE} = {A6C20EE3-23A2-4E88-AF2C-2BD78B7303AC}
		{E6B2BEB2-A4C3-4C08-8BE0-BDF0D6F6AAF5} = {E0B65C10-25BE-4627-90C8-10D4AEC7CB24}
		{A29D584B-B64F-49B1-96EC-41727D211482} = {E0B65C10-25BE-4627-90C8-10D4AEC7CB24}
		{7C045995-7B5C-4A2C-A604-BE974ECC12F1} = {E0B65C10-25BE-4627-90C8-10D4AEC7CB24}
		{C991B2C2-5D7E-428D-9A8D-5E18A91BB15E} = {E0B65C10-25BE-4627-90C8-10D4AEC7CB24}
		{76318148-B5C2-4045-BB7C-C7F10F302439} = {B854E1A7-6AF1-4B8D-BB55-0BEC7B27FA16}
		{CCB61BA5-DBB5-4C08-A154-E4CC3411CEB9} = {4D556D2F-4FC4-4E97-8979-23E581A05FD8}
		{34CE6237-BC1B-40EB-9884-4E21F29E0633} = {52E73995-A4EC-4BAC-9E89-8A3659CF9513}
		{22DD24CA-C0A0-4947-9158-3C674D9C2600} = {52E73995-A4EC-4BAC-9E89-8A3659CF9513}
		{591CF0FB-CF36-4B28-BC72-6B1088D7ADF1} = {52E73995-A4EC-4BAC-9E89-8A3659CF9513}
		{11B27E03-8CFF-45C8-91CA-B33D7DF7A0F2} = {DA6B2086-1EC3-4DF7-A1C7-08AAF7470075}
		{DA6B2086-1EC3-4DF7-A1C7-08AAF7470075} = {52E73995-A4EC-4BAC-9E89-8A3659CF9513}
		{0D9A62B3-24F7-4809-8439-CA691FB24EDE} = {02EA681E-C7D8-13C7-8484-4AC65E1B71E8}
		{61A996F8-8B55-4A8A-9D59-12AB1A9E3217} = {02EA681E-C7D8-13C7-8484-4AC65E1B71E8}
	EndGlobalSection
	GlobalSection(ExtensibilityGlobals) = postSolution
		SolutionGuid = {5EBD1551-044B-4470-9DE8-F463E31F58F0}
	EndGlobalSection
EndGlobal
